
Microsoft Visual Studio Solution File, Format Version 12.00
# Visual Studio Version 16
VisualStudioVersion = 16.0.30309.148
MinimumVisualStudioVersion = 10.0.40219.1
Project("{FAE04EC0-301F-11D3-BF4B-00C04F79EFBC}") = "uyumsoft_ticaret_app", "uyumsoft_ticaret_app\uyumsoft_ticaret_app.csproj", "{AFDA8CA0-DD64-4754-8861-6E37BE9DF547}"
EndProject
Global
	GlobalSection(SolutionConfigurationPlatforms) = preSolution
		Debug|Any CPU = Debug|Any CPU
		Release|Any CPU = Release|Any CPU
	EndGlobalSection
	GlobalSection(ProjectConfigurationPlatforms) = postSolution
		{AFDA8CA0-DD64-4754-8861-6E37BE9DF547}.Debug|Any CPU.ActiveCfg = Debug|Any CPU
		{AFDA8CA0-DD64-4754-8861-6E37BE9DF547}.Debug|Any CPU.Build.0 = Debug|Any CPU
		{AFDA8CA0-DD64-4754-8861-6E37BE9DF547}.Release|Any CPU.ActiveCfg = Release|Any CPU
		{AFDA8CA0-DD64-4754-8861-6E37BE9DF547}.Release|Any CPU.Build.0 = Release|Any CPU
	EndGlobalSection
	GlobalSection(SolutionProperties) = preSolution
		HideSolutionNode = FALSE
	EndGlobalSection
	GlobalSection(ExtensibilityGlobals) = postSolution
		SolutionGuid = {686439C0-2011-423F-A35A-246346CA26B4}
	EndGlobalSection
EndGlobal
